// !$*UTF8*$!
{
	archiveVersion = 1;
	classes = {
	};
	objectVersion = 46;
	objects = {

/* Begin PBXBuildFile section */
		F54807651743C6AE00F5C172 /* UIKit.framework in Frameworks */ = {isa = PBXBuildFile; fileRef = F54807641743C6AE00F5C172 /* UIKit.framework */; };
		F54807671743C6AE00F5C172 /* Foundation.framework in Frameworks */ = {isa = PBXBuildFile; fileRef = F54807661743C6AE00F5C172 /* Foundation.framework */; };
		F54807691743C6AE00F5C172 /* CoreGraphics.framework in Frameworks */ = {isa = PBXBuildFile; fileRef = F54807681743C6AE00F5C172 /* CoreGraphics.framework */; };
		F548076F1743C6AE00F5C172 /* InfoPlist.strings in Resources */ = {isa = PBXBuildFile; fileRef = F548076D1743C6AE00F5C172 /* InfoPlist.strings */; };
		F54807711743C6AE00F5C172 /* main.m in Sources */ = {isa = PBXBuildFile; fileRef = F54807701743C6AE00F5C172 /* main.m */; };
		F54807751743C6AE00F5C172 /* AppDelegate.m in Sources */ = {isa = PBXBuildFile; fileRef = F54807741743C6AE00F5C172 /* AppDelegate.m */; };
		F54807771743C6AE00F5C172 /* Default.png in Resources */ = {isa = PBXBuildFile; fileRef = F54807761743C6AE00F5C172 /* Default.png */; };
		F54807791743C6AE00F5C172 /* Default@2x.png in Resources */ = {isa = PBXBuildFile; fileRef = F54807781743C6AE00F5C172 /* Default@2x.png */; };
		F548077B1743C6AE00F5C172 /* Default-568h@2x.png in Resources */ = {isa = PBXBuildFile; fileRef = F548077A1743C6AE00F5C172 /* Default-568h@2x.png */; };
		F548077E1743C6AE00F5C172 /* MainStoryboard.storyboard in Resources */ = {isa = PBXBuildFile; fileRef = F548077C1743C6AE00F5C172 /* MainStoryboard.storyboard */; };
		F54807901743DEEC00F5C172 /* QuartzCore.framework in Frameworks */ = {isa = PBXBuildFile; fileRef = F548078F1743DEEC00F5C172 /* QuartzCore.framework */; };
		F54AA357178FF64F00126134 /* ValidationViewController.m in Sources */ = {isa = PBXBuildFile; fileRef = F54AA356178FF64F00126134 /* ValidationViewController.m */; };
		F561ED541861B6CA007DCD4C /* UIView+MHValidation.m in Sources */ = {isa = PBXBuildFile; fileRef = F561ED531861B6CA007DCD4C /* UIView+MHValidation.m */; };
/* End PBXBuildFile section */

/* Begin PBXFileReference section */
		F54807611743C6AE00F5C172 /* MHValidationViewController.app */ = {isa = PBXFileReference; explicitFileType = wrapper.application; includeInIndex = 0; path = MHValidationViewController.app; sourceTree = BUILT_PRODUCTS_DIR; };
		F54807641743C6AE00F5C172 /* UIKit.framework */ = {isa = PBXFileReference; lastKnownFileType = wrapper.framework; name = UIKit.framework; path = System/Library/Frameworks/UIKit.framework; sourceTree = SDKROOT; };
		F54807661743C6AE00F5C172 /* Foundation.framework */ = {isa = PBXFileReference; lastKnownFileType = wrapper.framework; name = Foundation.framework; path = System/Library/Frameworks/Foundation.framework; sourceTree = SDKROOT; };
		F54807681743C6AE00F5C172 /* CoreGraphics.framework */ = {isa = PBXFileReference; lastKnownFileType = wrapper.framework; name = CoreGraphics.framework; path = System/Library/Frameworks/CoreGraphics.framework; sourceTree = SDKROOT; };
		F548076C1743C6AE00F5C172 /* MHValidationViewController-Info.plist */ = {isa = PBXFileReference; lastKnownFileType = text.plist.xml; path = "MHValidationViewController-Info.plist"; sourceTree = "<group>"; };
		F548076E1743C6AE00F5C172 /* en */ = {isa = PBXFileReference; lastKnownFileType = text.plist.strings; name = en; path = en.lproj/InfoPlist.strings; sourceTree = "<group>"; };
		F54807701743C6AE00F5C172 /* main.m */ = {isa = PBXFileReference; lastKnownFileType = sourcecode.c.objc; path = main.m; sourceTree = "<group>"; };
		F54807721743C6AE00F5C172 /* MHValidationViewController-Prefix.pch */ = {isa = PBXFileReference; lastKnownFileType = sourcecode.c.h; path = "MHValidationViewController-Prefix.pch"; sourceTree = "<group>"; };
		F54807731743C6AE00F5C172 /* AppDelegate.h */ = {isa = PBXFileReference; lastKnownFileType = sourcecode.c.h; path = AppDelegate.h; sourceTree = "<group>"; };
		F54807741743C6AE00F5C172 /* AppDelegate.m */ = {isa = PBXFileReference; lastKnownFileType = sourcecode.c.objc; path = AppDelegate.m; sourceTree = "<group>"; };
		F54807761743C6AE00F5C172 /* Default.png */ = {isa = PBXFileReference; lastKnownFileType = image.png; path = Default.png; sourceTree = "<group>"; };
		F54807781743C6AE00F5C172 /* Default@2x.png */ = {isa = PBXFileReference; lastKnownFileType = image.png; path = "Default@2x.png"; sourceTree = "<group>"; };
		F548077A1743C6AE00F5C172 /* Default-568h@2x.png */ = {isa = PBXFileReference; lastKnownFileType = image.png; path = "Default-568h@2x.png"; sourceTree = "<group>"; };
		F548077D1743C6AE00F5C172 /* en */ = {isa = PBXFileReference; lastKnownFileType = file.storyboard; name = en; path = en.lproj/MainStoryboard.storyboard; sourceTree = "<group>"; };
		F548078F1743DEEC00F5C172 /* QuartzCore.framework */ = {isa = PBXFileReference; lastKnownFileType = wrapper.framework; name = QuartzCore.framework; path = System/Library/Frameworks/QuartzCore.framework; sourceTree = SDKROOT; };
		F54AA355178FF64F00126134 /* ValidationViewController.h */ = {isa = PBXFileReference; fileEncoding = 4; lastKnownFileType = sourcecode.c.h; path = ValidationViewController.h; sourceTree = "<group>"; };
		F54AA356178FF64F00126134 /* ValidationViewController.m */ = {isa = PBXFileReference; fileEncoding = 4; lastKnownFileType = sourcecode.c.objc; path = ValidationViewController.m; sourceTree = "<group>"; };
		F561ED521861B6CA007DCD4C /* UIView+MHValidation.h */ = {isa = PBXFileReference; fileEncoding = 4; lastKnownFileType = sourcecode.c.h; name = "UIView+MHValidation.h"; path = "MHValidation/UIView+MHValidation.h"; sourceTree = "<group>"; };
		F561ED531861B6CA007DCD4C /* UIView+MHValidation.m */ = {isa = PBXFileReference; fileEncoding = 4; lastKnownFileType = sourcecode.c.objc; name = "UIView+MHValidation.m"; path = "MHValidation/UIView+MHValidation.m"; sourceTree = "<group>"; };
/* End PBXFileReference section */

/* Begin PBXFrameworksBuildPhase section */
		F548075E1743C6AE00F5C172 /* Frameworks */ = {
			isa = PBXFrameworksBuildPhase;
			buildActionMask = 2147483647;
			files = (
				F54807901743DEEC00F5C172 /* QuartzCore.framework in Frameworks */,
				F54807651743C6AE00F5C172 /* UIKit.framework in Frameworks */,
				F54807671743C6AE00F5C172 /* Foundation.framework in Frameworks */,
				F54807691743C6AE00F5C172 /* CoreGraphics.framework in Frameworks */,
			);
			runOnlyForDeploymentPostprocessing = 0;
		};
/* End PBXFrameworksBuildPhase section */

/* Begin PBXGroup section */
		F54807581743C6AE00F5C172 = {
			isa = PBXGroup;
			children = (
				F548076A1743C6AE00F5C172 /* MHValidationViewController */,
				F54807631743C6AE00F5C172 /* Frameworks */,
				F54807621743C6AE00F5C172 /* Products */,
			);
			sourceTree = "<group>";
		};
		F54807621743C6AE00F5C172 /* Products */ = {
			isa = PBXGroup;
			children = (
				F54807611743C6AE00F5C172 /* MHValidationViewController.app */,
			);
			name = Products;
			sourceTree = "<group>";
		};
		F54807631743C6AE00F5C172 /* Frameworks */ = {
			isa = PBXGroup;
			children = (
				F548078F1743DEEC00F5C172 /* QuartzCore.framework */,
				F54807641743C6AE00F5C172 /* UIKit.framework */,
				F54807661743C6AE00F5C172 /* Foundation.framework */,
				F54807681743C6AE00F5C172 /* CoreGraphics.framework */,
			);
			name = Frameworks;
			sourceTree = "<group>";
		};
		F548076A1743C6AE00F5C172 /* MHValidationViewController */ = {
			isa = PBXGroup;
			children = (
				F54807731743C6AE00F5C172 /* AppDelegate.h */,
				F54807741743C6AE00F5C172 /* AppDelegate.m */,
				F548077C1743C6AE00F5C172 /* MainStoryboard.storyboard */,
				F561ED521861B6CA007DCD4C /* UIView+MHValidation.h */,
				F561ED531861B6CA007DCD4C /* UIView+MHValidation.m */,
				F54AA355178FF64F00126134 /* ValidationViewController.h */,
				F54AA356178FF64F00126134 /* ValidationViewController.m */,
				F548076B1743C6AE00F5C172 /* Supporting Files */,
			);
			path = MHValidationViewController;
			sourceTree = "<group>";
		};
		F548076B1743C6AE00F5C172 /* Supporting Files */ = {
			isa = PBXGroup;
			children = (
				F548076C1743C6AE00F5C172 /* MHValidationViewController-Info.plist */,
				F548076D1743C6AE00F5C172 /* InfoPlist.strings */,
				F54807701743C6AE00F5C172 /* main.m */,
				F54807721743C6AE00F5C172 /* MHValidationViewController-Prefix.pch */,
				F54807761743C6AE00F5C172 /* Default.png */,
				F54807781743C6AE00F5C172 /* Default@2x.png */,
				F548077A1743C6AE00F5C172 /* Default-568h@2x.png */,
			);
			name = "Supporting Files";
			sourceTree = "<group>";
		};
/* End PBXGroup section */

/* Begin PBXNativeTarget section */
		F54807601743C6AE00F5C172 /* MHValidationViewController */ = {
			isa = PBXNativeTarget;
			buildConfigurationList = F54807841743C6AE00F5C172 /* Build configuration list for PBXNativeTarget "MHValidationViewController" */;
			buildPhases = (
				F548075D1743C6AE00F5C172 /* Sources */,
				F548075E1743C6AE00F5C172 /* Frameworks */,
				F548075F1743C6AE00F5C172 /* Resources */,
			);
			buildRules = (
			);
			dependencies = (
			);
			name = MHValidationViewController;
			productName = MHValidationViewController;
			productReference = F54807611743C6AE00F5C172 /* MHValidationViewController.app */;
			productType = "com.apple.product-type.application";
		};
/* End PBXNativeTarget section */

/* Begin PBXProject section */
		F54807591743C6AE00F5C172 /* Project object */ = {
			isa = PBXProject;
			attributes = {
				LastUpgradeCheck = 0460;
				ORGANIZATIONNAME = "Mario Hahn";
			};
			buildConfigurationList = F548075C1743C6AE00F5C172 /* Build configuration list for PBXProject "MHValidationViewController" */;
			compatibilityVersion = "Xcode 3.2";
			developmentRegion = English;
			hasScannedForEncodings = 0;
			knownRegions = (
				en,
			);
			mainGroup = F54807581743C6AE00F5C172;
			productRefGroup = F54807621743C6AE00F5C172 /* Products */;
			projectDirPath = "";
			projectRoot = "";
			targets = (
				F54807601743C6AE00F5C172 /* MHValidationViewController */,
			);
		};
/* End PBXProject section */

/* Begin PBXResourcesBuildPhase section */
		F548075F1743C6AE00F5C172 /* Resources */ = {
			isa = PBXResourcesBuildPhase;
			buildActionMask = 2147483647;
			files = (
				F548076F1743C6AE00F5C172 /* InfoPlist.strings in Resources */,
				F54807771743C6AE00F5C172 /* Default.png in Resources */,
				F54807791743C6AE00F5C172 /* Default@2x.png in Resources */,
				F548077B1743C6AE00F5C172 /* Default-568h@2x.png in Resources */,
				F548077E1743C6AE00F5C172 /* MainStoryboard.storyboard in Resources */,
			);
			runOnlyForDeploymentPostprocessing = 0;
		};
/* End PBXResourcesBuildPhase section */

/* Begin PBXSourcesBuildPhase section */
		F548075D1743C6AE00F5C172 /* Sources */ = {
			isa = PBXSourcesBuildPhase;
			buildActionMask = 2147483647;
			files = (
				F54807711743C6AE00F5C172 /* main.m in Sources */,
				F54807751743C6AE00F5C172 /* AppDelegate.m in Sources */,
				F561ED541861B6CA007DCD4C /* UIView+MHValidation.m in Sources */,
				F54AA357178FF64F00126134 /* ValidationViewController.m in Sources */,
			);
			runOnlyForDeploymentPostprocessing = 0;
		};
/* End PBXSourcesBuildPhase section */

/* Begin PBXVariantGroup section */
		F548076D1743C6AE00F5C172 /* InfoPlist.strings */ = {
			isa = PBXVariantGroup;
			children = (
				F548076E1743C6AE00F5C172 /* en */,
			);
			name = InfoPlist.strings;
			sourceTree = "<group>";
		};
		F548077C1743C6AE00F5C172 /* MainStoryboard.storyboard */ = {
			isa = PBXVariantGroup;
			children = (
				F548077D1743C6AE00F5C172 /* en */,
			);
			name = MainStoryboard.storyboard;
			sourceTree = "<group>";
		};
/* End PBXVariantGroup section */

/* Begin XCBuildConfiguration section */
		F54807821743C6AE00F5C172 /* Debug */ = {
			isa = XCBuildConfiguration;
			buildSettings = {
				ALWAYS_SEARCH_USER_PATHS = NO;
				CLANG_CXX_LANGUAGE_STANDARD = "gnu++0x";
				CLANG_CXX_LIBRARY = "libc++";
				CLANG_ENABLE_OBJC_ARC = YES;
				CLANG_WARN_CONSTANT_CONVERSION = YES;
				CLANG_WARN_EMPTY_BODY = YES;
				CLANG_WARN_ENUM_CONVERSION = YES;
				CLANG_WARN_INT_CONVERSION = YES;
				CLANG_WARN__DUPLICATE_METHOD_MATCH = YES;
				"CODE_SIGN_IDENTITY[sdk=iphoneos*]" = "iPhone Developer";
				COPY_PHASE_STRIP = NO;
				GCC_C_LANGUAGE_STANDARD = gnu99;
				GCC_DYNAMIC_NO_PIC = NO;
				GCC_OPTIMIZATION_LEVEL = 0;
				GCC_PREPROCESSOR_DEFINITIONS = (
					"DEBUG=1",
					"$(inherited)",
				);
				GCC_SYMBOLS_PRIVATE_EXTERN = NO;
				GCC_WARN_ABOUT_RETURN_TYPE = YES;
				GCC_WARN_UNINITIALIZED_AUTOS = YES;
				GCC_WARN_UNUSED_VARIABLE = YES;
				IPHONEOS_DEPLOYMENT_TARGET = 6.1;
				ONLY_ACTIVE_ARCH = YES;
				SDKROOT = iphoneos;
			};
			name = Debug;
		};
		F54807831743C6AE00F5C172 /* Release */ = {
			isa = XCBuildConfiguration;
			buildSettings = {
				ALWAYS_SEARCH_USER_PATHS = NO;
				CLANG_CXX_LANGUAGE_STANDARD = "gnu++0x";
				CLANG_CXX_LIBRARY = "libc++";
				CLANG_ENABLE_OBJC_ARC = YES;
				CLANG_WARN_CONSTANT_CONVERSION = YES;
				CLANG_WARN_EMPTY_BODY = YES;
				CLANG_WARN_ENUM_CONVERSION = YES;
				CLANG_WARN_INT_CONVERSION = YES;
				CLANG_WARN__DUPLICATE_METHOD_MATCH = YES;
				"CODE_SIGN_IDENTITY[sdk=iphoneos*]" = "iPhone Developer";
				COPY_PHASE_STRIP = YES;
				GCC_C_LANGUAGE_STANDARD = gnu99;
				GCC_WARN_ABOUT_RETURN_TYPE = YES;
				GCC_WARN_UNINITIALIZED_AUTOS = YES;
				GCC_WARN_UNUSED_VARIABLE = YES;
				IPHONEOS_DEPLOYMENT_TARGET = 6.1;
				OTHER_CFLAGS = "-DNS_BLOCK_ASSERTIONS=1";
				SDKROOT = iphoneos;
				VALIDATE_PRODUCT = YES;
			};
			name = Release;
		};
		F54807851743C6AE00F5C172 /* Debug */ = {
			isa = XCBuildConfiguration;
			buildSettings = {
				GCC_PRECOMPILE_PREFIX_HEADER = YES;
				GCC_PREFIX_HEADER = "MHValidationViewController/MHValidationViewController-Prefix.pch";
				INFOPLIST_FILE = "MHValidationViewController/MHValidationViewController-Info.plist";
				PRODUCT_NAME = "$(TARGET_NAME)";
				WRAPPER_EXTENSION = app;
			};
			name = Debug;
		};
		F54807861743C6AE00F5C172 /* Release */ = {
			isa = XCBuildConfiguration;
			buildSettings = {
				GCC_PRECOMPILE_PREFIX_HEADER = YES;
				GCC_PREFIX_HEADER = "MHValidationViewController/MHValidationViewController-Prefix.pch";
				INFOPLIST_FILE = "MHValidationViewController/MHValidationViewController-Info.plist";
				PRODUCT_NAME = "$(TARGET_NAME)";
				WRAPPER_EXTENSION = app;
			};
			name = Release;
		};
/* End XCBuildConfiguration section */

/* Begin XCConfigurationList section */
		F548075C1743C6AE00F5C172 /* Build configuration list for PBXProject "MHValidationViewController" */ = {
			isa = XCConfigurationList;
			buildConfigurations = (
				F54807821743C6AE00F5C172 /* Debug */,
				F54807831743C6AE00F5C172 /* Release */,
			);
			defaultConfigurationIsVisible = 0;
			defaultConfigurationName = Release;
		};
		F54807841743C6AE00F5C172 /* Build configuration list for PBXNativeTarget "MHValidationViewController" */ = {
			isa = XCConfigurationList;
			buildConfigurations = (
				F54807851743C6AE00F5C172 /* Debug */,
				F54807861743C6AE00F5C172 /* Release */,
			);
			defaultConfigurationIsVisible = 0;
			defaultConfigurationName = Release;
		};
/* End XCConfigurationList section */
	};
	rootObject = F54807591743C6AE00F5C172 /* Project object */;
}
